// !$*UTF8*$!
{
	archiveVersion = 1;
	classes = {
	};
	objectVersion = 77;
	objects = {

/* Begin PBXBuildFile section */
		WL0000000000000000000023 /* WishlistCore in Frameworks */ = {isa = PBXBuildFile; productRef = WL0000000000000000000021 /* WishlistCore */; };
		WL0000000000000000000024 /* WishlistCore in Frameworks */ = {isa = PBXBuildFile; productRef = WL0000000000000000000022 /* WishlistCore */; };
		WL0000000000000000000025 /* WishlistShare.appex in Embed Foundation Extensions */ = {isa = PBXBuildFile; fileRef = WL0000000000000000000008 /* WishlistShare.appex */; settings = {ATTRIBUTES = (RemoveHeadersOnCopy, ); }; };
/* End PBXBuildFile section */

/* Begin PBXContainerItemProxy section */
		WL0000000000000000000026 /* PBXContainerItemProxy */ = {
			isa = PBXContainerItemProxy;
			containerPortal = WL0000000000000000000001 /* Project object */;
			proxyType = 1;
			remoteGlobalIDString = WL0000000000000000000011;
			remoteInfo = WishlistShare;
		};
		WL0000000000000000000028 /* PBXContainerItemProxy */ = {
			isa = PBXContainerItemProxy;
			containerPortal = WL0000000000000000000001 /* Project object */;
			proxyType = 1;
			remoteGlobalIDString = WL0000000000000000000010;
			remoteInfo = Wishlist;
		};
/* End PBXContainerItemProxy section */

/* Begin PBXCopyFilesBuildPhase section */
		WL0000000000000000000016 /* Embed Foundation Extensions */ = {
			isa = PBXCopyFilesBuildPhase;
			buildActionMask = 2147483647;
			dstPath = "";
			dstSubfolderSpec = 13;
			files = (
				WL0000000000000000000025 /* WishlistShare.appex in Embed Foundation Extensions */,
			);
			name = "Embed Foundation Extensions";
			runOnlyForDeploymentPostprocessing = 0;
		};
/* End PBXCopyFilesBuildPhase section */

/* Begin PBXFileReference section */
		WL0000000000000000000007 /* Wishlist.app */ = {isa = PBXFileReference; explicitFileType = wrapper.application; includeInIndex = 0; path = Wishlist.app; sourceTree = BUILT_PRODUCTS_DIR; };
		WL0000000000000000000008 /* WishlistShare.appex */ = {isa = PBXFileReference; explicitFileType = "wrapper.app-extension"; includeInIndex = 0; path = WishlistShare.appex; sourceTree = BUILT_PRODUCTS_DIR; };
		WL0000000000000000000009 /* WishlistUITests.xctest */ = {isa = PBXFileReference; explicitFileType = wrapper.cfbundle; includeInIndex = 0; path = WishlistUITests.xctest; sourceTree = BUILT_PRODUCTS_DIR; };
		WL000000000000000000000A /* Wishlist-Info.plist */ = {isa = PBXFileReference; lastKnownFileType = text.plist.xml; path = "Wishlist-Info.plist"; sourceTree = "<group>"; };
		WL000000000000000000000B /* WishlistShare-Info.plist */ = {isa = PBXFileReference; lastKnownFileType = text.plist.xml; path = "WishlistShare-Info.plist"; sourceTree = "<group>"; };
/* End PBXFileReference section */

/* Begin PBXFileSystemSynchronizedRootGroup section */
		WL0000000000000000000004 /* Wishlist */ = {
			isa = PBXFileSystemSynchronizedRootGroup;
			path = Wishlist;
			sourceTree = "<group>";
		};
		WL0000000000000000000005 /* WishlistShare */ = {
			isa = PBXFileSystemSynchronizedRootGroup;
			path = WishlistShare;
			sourceTree = "<group>";
		};
		WL0000000000000000000006 /* WishlistUITests */ = {
			isa = PBXFileSystemSynchronizedRootGroup;
			path = WishlistUITests;
			sourceTree = "<group>";
		};
/* End PBXFileSystemSynchronizedRootGroup section */

/* Begin PBXFrameworksBuildPhase section */
		WL0000000000000000000014 /* Frameworks */ = {
			isa = PBXFrameworksBuildPhase;
			files = (
				WL0000000000000000000023 /* WishlistCore in Frameworks */,
			);
		};
		WL0000000000000000000018 /* Frameworks */ = {
			isa = PBXFrameworksBuildPhase;
			files = (
				WL0000000000000000000024 /* WishlistCore in Frameworks */,
			);
		};
		WL000000000000000000001B /* Frameworks */ = {
			isa = PBXFrameworksBuildPhase;
			files = (
			);
		};
/* End PBXFrameworksBuildPhase section */

/* Begin PBXGroup section */
		WL0000000000000000000002 = {
			isa = PBXGroup;
			children = (
				WL000000000000000000000A /* Wishlist-Info.plist */,
				WL000000000000000000000B /* WishlistShare-Info.plist */,
				WL0000000000000000000004 /* Wishlist */,
				WL0000000000000000000005 /* WishlistShare */,
				WL0000000000000000000006 /* WishlistUITests */,
				WL0000000000000000000003 /* Products */,
			);
			sourceTree = "<group>";
		};
		WL0000000000000000000003 /* Products */ = {
			isa = PBXGroup;
			children = (
				WL0000000000000000000007 /* Wishlist.app */,
				WL0000000000000000000008 /* WishlistShare.appex */,
				WL0000000000000000000009 /* WishlistUITests.xctest */,
			);
			name = Products;
			sourceTree = "<group>";
		};
/* End PBXGroup section */

/* Begin PBXNativeTarget section */
		WL0000000000000000000010 /* Wishlist */ = {
			isa = PBXNativeTarget;
			buildConfigurationList = WL0000000000000000000033 /* Build configuration list for PBXNativeTarget "Wishlist" */;
			buildPhases = (
				WL0000000000000000000013 /* Sources */,
				WL0000000000000000000014 /* Frameworks */,
				WL0000000000000000000015 /* Resources */,
				WL0000000000000000000016 /* Embed Foundation Extensions */,
			);
			buildRules = (
			);
			dependencies = (
				WL0000000000000000000027 /* PBXTargetDependency */,
			);
			fileSystemSynchronizedGroups = (
				WL0000000000000000000004 /* Wishlist */,
			);
			name = Wishlist;
			packageProductDependencies = (
				WL0000000000000000000021 /* WishlistCore */,
			);
			productName = Wishlist;
			productReference = WL0000000000000000000007 /* Wishlist.app */;
			productType = "com.apple.product-type.application";
		};
		WL0000000000000000000011 /* WishlistShare */ = {
			isa = PBXNativeTarget;
			buildConfigurationList = WL0000000000000000000036 /* Build configuration list for PBXNativeTarget "WishlistShare" */;
			buildPhases = (
				WL0000000000000000000017 /* Sources */,
				WL0000000000000000000018 /* Frameworks */,
				WL0000000000000000000019 /* Resources */,
			);
			buildRules = (
			);
			dependencies = (
			);
			fileSystemSynchronizedGroups = (
				WL0000000000000000000005 /* WishlistShare */,
			);
			name = WishlistShare;
			packageProductDependencies = (
				WL0000000000000000000022 /* WishlistCore */,
			);
			productName = WishlistShare;
			productReference = WL0000000000000000000008 /* WishlistShare.appex */;
			productType = "com.apple.product-type.app-extension";
		};
		WL0000000000000000000012 /* WishlistUITests */ = {
			isa = PBXNativeTarget;
			buildConfigurationList = WL0000000000000000000039 /* Build configuration list for PBXNativeTarget "WishlistUITests" */;
			buildPhases = (
				WL000000000000000000001A /* Sources */,
				WL000000000000000000001B /* Frameworks */,
				WL000000000000000000001C /* Resources */,
			);
			buildRules = (
			);
			dependencies = (
				WL0000000000000000000029 /* PBXTargetDependency */,
			);
			fileSystemSynchronizedGroups = (
				WL0000000000000000000006 /* WishlistUITests */,
			);
			name = WishlistUITests;
			productName = WishlistUITests;
			productReference = WL0000000000000000000009 /* WishlistUITests.xctest */;
			productType = "com.apple.product-type.bundle.ui-testing";
		};
/* End PBXNativeTarget section */

/* Begin PBXProject section */
		WL0000000000000000000001 /* Project object */ = {
			isa = PBXProject;
			attributes = {
				BuildIndependentTargetsInParallel = 1;
				LastSwiftUpdateCheck = 2700;
				LastUpgradeCheck = 2700;
				TargetAttributes = {
					WL0000000000000000000010 = {
						CreatedOnToolsVersion = 27.0;
					};
					WL0000000000000000000011 = {
						CreatedOnToolsVersion = 27.0;
					};
					WL0000000000000000000012 = {
						CreatedOnToolsVersion = 27.0;
						TestTargetID = WL0000000000000000000010;
					};
				};
			};
			buildConfigurationList = WL0000000000000000000030 /* Build configuration list for PBXProject "Wishlist" */;
			developmentRegion = ja;
			hasScannedForEncodings = 0;
			knownRegions = (
				ja,
				Base,
			);
			mainGroup = WL0000000000000000000002;
			minimizedProjectReferenceProxies = 1;
			packageReferences = (
				WL0000000000000000000020 /* XCLocalSwiftPackageReference "WishlistKit" */,
			);
			preferredProjectObjectVersion = 77;
			productRefGroup = WL0000000000000000000003 /* Products */;
			projectDirPath = "";
			projectRoot = "";
			targets = (
				WL0000000000000000000010 /* Wishlist */,
				WL0000000000000000000011 /* WishlistShare */,
				WL0000000000000000000012 /* WishlistUITests */,
			);
		};
/* End PBXProject section */

/* Begin PBXResourcesBuildPhase section */
		WL0000000000000000000015 /* Resources */ = {
			isa = PBXResourcesBuildPhase;
			files = (
			);
		};
		WL0000000000000000000019 /* Resources */ = {
			isa = PBXResourcesBuildPhase;
			files = (
			);
		};
		WL000000000000000000001C /* Resources */ = {
			isa = PBXResourcesBuildPhase;
			files = (
			);
		};
/* End PBXResourcesBuildPhase section */

/* Begin PBXSourcesBuildPhase section */
		WL0000000000000000000013 /* Sources */ = {
			isa = PBXSourcesBuildPhase;
			files = (
			);
		};
		WL0000000000000000000017 /* Sources */ = {
			isa = PBXSourcesBuildPhase;
			files = (
			);
		};
		WL000000000000000000001A /* Sources */ = {
			isa = PBXSourcesBuildPhase;
			files = (
			);
		};
/* End PBXSourcesBuildPhase section */

/* Begin PBXTargetDependency section */
		WL0000000000000000000027 /* PBXTargetDependency */ = {
			isa = PBXTargetDependency;
			target = WL0000000000000000000011 /* WishlistShare */;
			targetProxy = WL0000000000000000000026 /* PBXContainerItemProxy */;
		};
		WL0000000000000000000029 /* PBXTargetDependency */ = {
			isa = PBXTargetDependency;
			target = WL0000000000000000000010 /* Wishlist */;
			targetProxy = WL0000000000000000000028 /* PBXContainerItemProxy */;
		};
/* End PBXTargetDependency section */

/* Begin XCBuildConfiguration section */
		WL0000000000000000000031 /* Debug */ = {
			isa = XCBuildConfiguration;
			buildSettings = {
				ALWAYS_SEARCH_USER_PATHS = NO;
				ASSETCATALOG_COMPILER_GENERATE_SWIFT_ASSET_SYMBOL_EXTENSIONS = YES;
				CLANG_ANALYZER_NONNULL = YES;
				CLANG_ANALYZER_NUMBER_OBJECT_CONVERSION = YES_AGGRESSIVE;
				CLANG_CXX_LANGUAGE_STANDARD = "gnu++20";
				CLANG_ENABLE_MODULES = YES;
				CLANG_ENABLE_OBJC_ARC = YES;
				CLANG_ENABLE_OBJC_WEAK = YES;
				CLANG_WARN_BLOCK_CAPTURE_AUTORELEASING = YES;
				CLANG_WARN_BOOL_CONVERSION = YES;
				CLANG_WARN_COMMA = YES;
				CLANG_WARN_CONSTANT_CONVERSION = YES;
				CLANG_WARN_DEPRECATED_OBJC_IMPLEMENTATIONS = YES;
				CLANG_WARN_DIRECT_OBJC_ISA_USAGE = YES_ERROR;
				CLANG_WARN_DOCUMENTATION_COMMENTS = YES;
				CLANG_WARN_EMPTY_BODY = YES;
				CLANG_WARN_ENUM_CONVERSION = YES;
				CLANG_WARN_INFINITE_RECURSION = YES;
				CLANG_WARN_INT_CONVERSION = YES;
				CLANG_WARN_NON_LITERAL_NULL_CONVERSION = YES;
				CLANG_WARN_OBJC_IMPLICIT_RETAIN_SELF = YES;
				CLANG_WARN_OBJC_LITERAL_CONVERSION = YES;
				CLANG_WARN_OBJC_ROOT_CLASS = YES_ERROR;
				CLANG_WARN_QUOTED_INCLUDE_IN_FRAMEWORK_HEADER = YES;
				CLANG_WARN_RANGE_LOOP_ANALYSIS = YES;
				CLANG_WARN_STRICT_PROTOTYPES = YES;
				CLANG_WARN_SUSPICIOUS_MOVE = YES;
				CLANG_WARN_UNGUARDED_AVAILABILITY = YES_AGGRESSIVE;
				CLANG_WARN_UNREACHABLE_CODE = YES;
				CLANG_WARN__DUPLICATE_METHOD_MATCH = YES;
				COPY_PHASE_STRIP = NO;
				DEAD_CODE_STRIPPING = YES;
				DEBUG_INFORMATION_FORMAT = dwarf;
				ENABLE_STRICT_OBJC_MSGSEND = YES;
				ENABLE_TESTABILITY = YES;
				ENABLE_USER_SCRIPT_SANDBOXING = YES;
				GCC_C_LANGUAGE_STANDARD = gnu17;
				GCC_DYNAMIC_NO_PIC = NO;
				GCC_NO_COMMON_BLOCKS = YES;
				GCC_OPTIMIZATION_LEVEL = 0;
				GCC_PREPROCESSOR_DEFINITIONS = (
					"DEBUG=1",
					"$(inherited)",
				);
				GCC_WARN_64_TO_32_BIT_CONVERSION = YES;
				GCC_WARN_ABOUT_RETURN_TYPE = YES_ERROR;
				GCC_WARN_UNDECLARED_SELECTOR = YES;
				GCC_WARN_UNINITIALIZED_AUTOS = YES_AGGRESSIVE;
				GCC_WARN_UNUSED_FUNCTION = YES;
				GCC_WARN_UNUSED_VARIABLE = YES;
				IPHONEOS_DEPLOYMENT_TARGET = 27.0;
				LOCALIZATION_PREFERS_STRING_CATALOGS = YES;
				MTL_ENABLE_DEBUG_INFO = INCLUDE_SOURCE;
				MTL_FAST_MATH = YES;
				ONLY_ACTIVE_ARCH = YES;
				SDKROOT = iphoneos;
				STRING_CATALOG_GENERATE_SYMBOLS = YES;
				SWIFT_ACTIVE_COMPILATION_CONDITIONS = "DEBUG $(inherited)";
				SWIFT_OPTIMIZATION_LEVEL = "-Onone";
				SWIFT_VERSION = 6.0;
			};
			name = Debug;
		};
		WL0000000000000000000032 /* Release */ = {
			isa = XCBuildConfiguration;
			buildSettings = {
				ALWAYS_SEARCH_USER_PATHS = NO;
				ASSETCATALOG_COMPILER_GENERATE_SWIFT_ASSET_SYMBOL_EXTENSIONS = YES;
				CLANG_ANALYZER_NONNULL = YES;
				CLANG_ANALYZER_NUMBER_OBJECT_CONVERSION = YES_AGGRESSIVE;
				CLANG_CXX_LANGUAGE_STANDARD = "gnu++20";
				CLANG_ENABLE_MODULES = YES;
				CLANG_ENABLE_OBJC_ARC = YES;
				CLANG_ENABLE_OBJC_WEAK = YES;
				CLANG_WARN_BLOCK_CAPTURE_AUTORELEASING = YES;
				CLANG_WARN_BOOL_CONVERSION = YES;
				CLANG_WARN_COMMA = YES;
				CLANG_WARN_CONSTANT_CONVERSION = YES;
				CLANG_WARN_DEPRECATED_OBJC_IMPLEMENTATIONS = YES;
				CLANG_WARN_DIRECT_OBJC_ISA_USAGE = YES_ERROR;
				CLANG_WARN_DOCUMENTATION_COMMENTS = YES;
				CLANG_WARN_EMPTY_BODY = YES;
				CLANG_WARN_ENUM_CONVERSION = YES;
				CLANG_WARN_INFINITE_RECURSION = YES;
				CLANG_WARN_INT_CONVERSION = YES;
				CLANG_WARN_NON_LITERAL_NULL_CONVERSION = YES;
				CLANG_WARN_OBJC_IMPLICIT_RETAIN_SELF = YES;
				CLANG_WARN_OBJC_LITERAL_CONVERSION = YES;
				CLANG_WARN_OBJC_ROOT_CLASS = YES_ERROR;
				CLANG_WARN_QUOTED_INCLUDE_IN_FRAMEWORK_HEADER = YES;
				CLANG_WARN_RANGE_LOOP_ANALYSIS = YES;
				CLANG_WARN_STRICT_PROTOTYPES = YES;
				CLANG_WARN_SUSPICIOUS_MOVE = YES;
				CLANG_WARN_UNGUARDED_AVAILABILITY = YES_AGGRESSIVE;
				CLANG_WARN_UNREACHABLE_CODE = YES;
				CLANG_WARN__DUPLICATE_METHOD_MATCH = YES;
				COPY_PHASE_STRIP = NO;
				DEAD_CODE_STRIPPING = YES;
				DEBUG_INFORMATION_FORMAT = "dwarf-with-dsym";
				ENABLE_NS_ASSERTIONS = NO;
				ENABLE_STRICT_OBJC_MSGSEND = YES;
				ENABLE_USER_SCRIPT_SANDBOXING = YES;
				GCC_C_LANGUAGE_STANDARD = gnu17;
				GCC_NO_COMMON_BLOCKS = YES;
				GCC_WARN_64_TO_32_BIT_CONVERSION = YES;
				GCC_WARN_ABOUT_RETURN_TYPE = YES_ERROR;
				GCC_WARN_UNDECLARED_SELECTOR = YES;
				GCC_WARN_UNINITIALIZED_AUTOS = YES_AGGRESSIVE;
				GCC_WARN_UNUSED_FUNCTION = YES;
				GCC_WARN_UNUSED_VARIABLE = YES;
				IPHONEOS_DEPLOYMENT_TARGET = 27.0;
				LOCALIZATION_PREFERS_STRING_CATALOGS = YES;
				MTL_ENABLE_DEBUG_INFO = NO;
				MTL_FAST_MATH = YES;
				SDKROOT = iphoneos;
				STRING_CATALOG_GENERATE_SYMBOLS = YES;
				SWIFT_COMPILATION_MODE = wholemodule;
				SWIFT_VERSION = 6.0;
			};
			name = Release;
		};
		WL0000000000000000000034 /* Debug */ = {
			isa = XCBuildConfiguration;
			buildSettings = {
				ASSETCATALOG_COMPILER_APPICON_NAME = "";
				CODE_SIGN_STYLE = Automatic;
				CURRENT_PROJECT_VERSION = 1;
				DEVELOPMENT_ASSET_PATHS = "";
				DEVELOPMENT_TEAM = "";
				ENABLE_PREVIEWS = YES;
				GENERATE_INFOPLIST_FILE = YES;
				INFOPLIST_FILE = Wishlist-Info.plist;
				INFOPLIST_KEY_CFBundleDisplayName = "欲しいもの";
				"INFOPLIST_KEY_UIApplicationSceneManifest_Generation[sdk=iphoneos*]" = YES;
				"INFOPLIST_KEY_UIApplicationSceneManifest_Generation[sdk=iphonesimulator*]" = YES;
				"INFOPLIST_KEY_UIApplicationSupportsIndirectInputEvents[sdk=iphoneos*]" = YES;
				"INFOPLIST_KEY_UIApplicationSupportsIndirectInputEvents[sdk=iphonesimulator*]" = YES;
				"INFOPLIST_KEY_UILaunchScreen_Generation[sdk=iphoneos*]" = YES;
				"INFOPLIST_KEY_UILaunchScreen_Generation[sdk=iphonesimulator*]" = YES;
				INFOPLIST_KEY_UISupportedInterfaceOrientations_iPhone = "UIInterfaceOrientationPortrait";
				IPHONEOS_DEPLOYMENT_TARGET = 27.0;
				LD_RUNPATH_SEARCH_PATHS = "$(inherited) @executable_path/Frameworks";
				MARKETING_VERSION = 1.0;
				PRODUCT_BUNDLE_IDENTIFIER = com.example.wishlist;
				PRODUCT_NAME = "$(TARGET_NAME)";
				SDKROOT = iphoneos;
				SWIFT_EMIT_LOC_STRINGS = YES;
				SWIFT_VERSION = 6.0;
				TARGETED_DEVICE_FAMILY = 1;
			};
			name = Debug;
		};
		WL0000000000000000000035 /* Release */ = {
			isa = XCBuildConfiguration;
			buildSettings = {
				ASSETCATALOG_COMPILER_APPICON_NAME = "";
				CODE_SIGN_STYLE = Automatic;
				CURRENT_PROJECT_VERSION = 1;
				DEVELOPMENT_ASSET_PATHS = "";
				DEVELOPMENT_TEAM = "";
				ENABLE_PREVIEWS = YES;
				GENERATE_INFOPLIST_FILE = YES;
				INFOPLIST_FILE = Wishlist-Info.plist;
				INFOPLIST_KEY_CFBundleDisplayName = "欲しいもの";
				"INFOPLIST_KEY_UIApplicationSceneManifest_Generation[sdk=iphoneos*]" = YES;
				"INFOPLIST_KEY_UIApplicationSceneManifest_Generation[sdk=iphonesimulator*]" = YES;
				"INFOPLIST_KEY_UIApplicationSupportsIndirectInputEvents[sdk=iphoneos*]" = YES;
				"INFOPLIST_KEY_UIApplicationSupportsIndirectInputEvents[sdk=iphonesimulator*]" = YES;
				"INFOPLIST_KEY_UILaunchScreen_Generation[sdk=iphoneos*]" = YES;
				"INFOPLIST_KEY_UILaunchScreen_Generation[sdk=iphonesimulator*]" = YES;
				INFOPLIST_KEY_UISupportedInterfaceOrientations_iPhone = "UIInterfaceOrientationPortrait";
				IPHONEOS_DEPLOYMENT_TARGET = 27.0;
				LD_RUNPATH_SEARCH_PATHS = "$(inherited) @executable_path/Frameworks";
				MARKETING_VERSION = 1.0;
				PRODUCT_BUNDLE_IDENTIFIER = com.example.wishlist;
				PRODUCT_NAME = "$(TARGET_NAME)";
				SDKROOT = iphoneos;
				SWIFT_EMIT_LOC_STRINGS = YES;
				SWIFT_VERSION = 6.0;
				TARGETED_DEVICE_FAMILY = 1;
			};
			name = Release;
		};
		WL0000000000000000000037 /* Debug */ = {
			isa = XCBuildConfiguration;
			buildSettings = {
				APPLICATION_EXTENSION_API_ONLY = YES;
				CODE_SIGN_STYLE = Automatic;
				CURRENT_PROJECT_VERSION = 1;
				DEVELOPMENT_TEAM = "";
				GENERATE_INFOPLIST_FILE = YES;
				INFOPLIST_FILE = WishlistShare-Info.plist;
				IPHONEOS_DEPLOYMENT_TARGET = 27.0;
				LD_RUNPATH_SEARCH_PATHS = "$(inherited) @executable_path/Frameworks @executable_path/../../Frameworks";
				MARKETING_VERSION = 1.0;
				PRODUCT_BUNDLE_IDENTIFIER = com.example.wishlist.share;
				PRODUCT_NAME = "$(TARGET_NAME)";
				SDKROOT = iphoneos;
				SKIP_INSTALL = YES;
				SWIFT_EMIT_LOC_STRINGS = YES;
				SWIFT_VERSION = 6.0;
				TARGETED_DEVICE_FAMILY = 1;
			};
			name = Debug;
		};
		WL0000000000000000000038 /* Release */ = {
			isa = XCBuildConfiguration;
			buildSettings = {
				APPLICATION_EXTENSION_API_ONLY = YES;
				CODE_SIGN_STYLE = Automatic;
				CURRENT_PROJECT_VERSION = 1;
				DEVELOPMENT_TEAM = "";
				GENERATE_INFOPLIST_FILE = YES;
				INFOPLIST_FILE = WishlistShare-Info.plist;
				IPHONEOS_DEPLOYMENT_TARGET = 27.0;
				LD_RUNPATH_SEARCH_PATHS = "$(inherited) @executable_path/Frameworks @executable_path/../../Frameworks";
				MARKETING_VERSION = 1.0;
				PRODUCT_BUNDLE_IDENTIFIER = com.example.wishlist.share;
				PRODUCT_NAME = "$(TARGET_NAME)";
				SDKROOT = iphoneos;
				SKIP_INSTALL = YES;
				SWIFT_EMIT_LOC_STRINGS = YES;
				SWIFT_VERSION = 6.0;
				TARGETED_DEVICE_FAMILY = 1;
			};
			name = Release;
		};
		WL000000000000000000003A /* Debug */ = {
			isa = XCBuildConfiguration;
			buildSettings = {
				CODE_SIGN_STYLE = Automatic;
				CURRENT_PROJECT_VERSION = 1;
				DEVELOPMENT_TEAM = "";
				GENERATE_INFOPLIST_FILE = YES;
				IPHONEOS_DEPLOYMENT_TARGET = 27.0;
				MARKETING_VERSION = 1.0;
				PRODUCT_BUNDLE_IDENTIFIER = com.example.wishlist.WishlistUITests;
				PRODUCT_NAME = "$(TARGET_NAME)";
				SDKROOT = iphoneos;
				SWIFT_EMIT_LOC_STRINGS = YES;
				SWIFT_VERSION = 6.0;
				TARGETED_DEVICE_FAMILY = 1;
				TEST_TARGET_NAME = Wishlist;
			};
			name = Debug;
		};
		WL000000000000000000003B /* Release */ = {
			isa = XCBuildConfiguration;
			buildSettings = {
				CODE_SIGN_STYLE = Automatic;
				CURRENT_PROJECT_VERSION = 1;
				DEVELOPMENT_TEAM = "";
				GENERATE_INFOPLIST_FILE = YES;
				IPHONEOS_DEPLOYMENT_TARGET = 27.0;
				MARKETING_VERSION = 1.0;
				PRODUCT_BUNDLE_IDENTIFIER = com.example.wishlist.WishlistUITests;
				PRODUCT_NAME = "$(TARGET_NAME)";
				SDKROOT = iphoneos;
				SWIFT_EMIT_LOC_STRINGS = YES;
				SWIFT_VERSION = 6.0;
				TARGETED_DEVICE_FAMILY = 1;
				TEST_TARGET_NAME = Wishlist;
			};
			name = Release;
		};
/* End XCBuildConfiguration section */

/* Begin XCConfigurationList section */
		WL0000000000000000000030 /* Build configuration list for PBXProject "Wishlist" */ = {
			isa = XCConfigurationList;
			buildConfigurations = (
				WL0000000000000000000031 /* Debug */,
				WL0000000000000000000032 /* Release */,
			);
			defaultConfigurationIsVisible = 0;
			defaultConfigurationName = Release;
		};
		WL0000000000000000000033 /* Build configuration list for PBXNativeTarget "Wishlist" */ = {
			isa = XCConfigurationList;
			buildConfigurations = (
				WL0000000000000000000034 /* Debug */,
				WL0000000000000000000035 /* Release */,
			);
			defaultConfigurationIsVisible = 0;
			defaultConfigurationName = Release;
		};
		WL0000000000000000000036 /* Build configuration list for PBXNativeTarget "WishlistShare" */ = {
			isa = XCConfigurationList;
			buildConfigurations = (
				WL0000000000000000000037 /* Debug */,
				WL0000000000000000000038 /* Release */,
			);
			defaultConfigurationIsVisible = 0;
			defaultConfigurationName = Release;
		};
		WL0000000000000000000039 /* Build configuration list for PBXNativeTarget "WishlistUITests" */ = {
			isa = XCConfigurationList;
			buildConfigurations = (
				WL000000000000000000003A /* Debug */,
				WL000000000000000000003B /* Release */,
			);
			defaultConfigurationIsVisible = 0;
			defaultConfigurationName = Release;
		};
/* End XCConfigurationList section */

/* Begin XCLocalSwiftPackageReference section */
		WL0000000000000000000020 /* XCLocalSwiftPackageReference "WishlistKit" */ = {
			isa = XCLocalSwiftPackageReference;
			relativePath = WishlistKit;
		};
/* End XCLocalSwiftPackageReference section */

/* Begin XCSwiftPackageProductDependency section */
		WL0000000000000000000021 /* WishlistCore */ = {
			isa = XCSwiftPackageProductDependency;
			package = WL0000000000000000000020 /* XCLocalSwiftPackageReference "WishlistKit" */;
			productName = WishlistCore;
		};
		WL0000000000000000000022 /* WishlistCore */ = {
			isa = XCSwiftPackageProductDependency;
			package = WL0000000000000000000020 /* XCLocalSwiftPackageReference "WishlistKit" */;
			productName = WishlistCore;
		};
/* End XCSwiftPackageProductDependency section */
	};
	rootObject = WL0000000000000000000001 /* Project object */;
}
